
Microsoft Visual Studio Solution File, Format Version 12.00
# Visual Studio 2017
Project("{FAE04EC0-301F-11D3-BF4B-00C04F79EFBC}") = "BoardGameUnity", "BoardGameUnity.csproj", "{0A405269-3A85-DA8C-26CA-1BB9270B5CD3}"
EndProject
Project("{FAE04EC0-301F-11D3-BF4B-00C04F79EFBC}") = "BoardGameUnity.Plugins", "BoardGameUnity.Plugins.csproj", "{41F40361-6778-85A0-8BAD-C78E5DF9B570}"
EndProject
Project("{FAE04EC0-301F-11D3-BF4B-00C04F79EFBC}") = "BoardGameUnity.Editor.Plugins", "BoardGameUnity.Editor.Plugins.csproj", "{7D6C4FF3-43BC-8DEB-1D2E-E23498BB8FA6}"
EndProject
Global
	GlobalSection(SolutionConfigurationPlatforms) = preSolution
		Debug|Any CPU = Debug|Any CPU
		Release|Any CPU = Release|Any CPU
	EndGlobalSection
	GlobalSection(ProjectConfigurationPlatforms) = postSolution
		{0A405269-3A85-DA8C-26CA-1BB9270B5CD3}.Debug|Any CPU.ActiveCfg = Debug|Any CPU
		{0A405269-3A85-DA8C-26CA-1BB9270B5CD3}.Debug|Any CPU.Build.0 = Debug|Any CPU
		{0A405269-3A85-DA8C-26CA-1BB9270B5CD3}.Release|Any CPU.ActiveCfg = Release|Any CPU
		{0A405269-3A85-DA8C-26CA-1BB9270B5CD3}.Release|Any CPU.Build.0 = Release|Any CPU
		{41F40361-6778-85A0-8BAD-C78E5DF9B570}.Debug|Any CPU.ActiveCfg = Debug|Any CPU
		{41F40361-6778-85A0-8BAD-C78E5DF9B570}.Debug|Any CPU.Build.0 = Debug|Any CPU
		{41F40361-6778-85A0-8BAD-C78E5DF9B570}.Release|Any CPU.ActiveCfg = Release|Any CPU
		{41F40361-6778-85A0-8BAD-C78E5DF9B570}.Release|Any CPU.Build.0 = Release|Any CPU
		{7D6C4FF3-43BC-8DEB-1D2E-E23498BB8FA6}.Debug|Any CPU.ActiveCfg = Debug|Any CPU
		{7D6C4FF3-43BC-8DEB-1D2E-E23498BB8FA6}.Debug|Any CPU.Build.0 = Debug|Any CPU
		{7D6C4FF3-43BC-8DEB-1D2E-E23498BB8FA6}.Release|Any CPU.ActiveCfg = Release|Any CPU
		{7D6C4FF3-43BC-8DEB-1D2E-E23498BB8FA6}.Release|Any CPU.Build.0 = Release|Any CPU
	EndGlobalSection
	GlobalSection(SolutionProperties) = preSolution
		HideSolutionNode = FALSE
	EndGlobalSection
EndGlobal
